
Microsoft Visual Studio Solution File, Format Version 12.00
# Visual Studio 15
VisualStudioVersion = 15.0.27428.2015
MinimumVisualStudioVersion = 10.0.40219.1
Project("{FAE04EC0-301F-11D3-BF4B-00C04F79EFBC}") = "gittest2", "gittest2.csproj", "{F2D9A3F4-2B44-4E23-A188-491BE065387C}"
EndProject
Global
	GlobalSection(SolutionConfigurationPlatforms) = preSolution
		Debug|Any CPU = Debug|Any CPU
		Release|Any CPU = Release|Any CPU
	EndGlobalSection
	GlobalSection(ProjectConfigurationPlatforms) = postSolution
		{F2D9A3F4-2B44-4E23-A188-491BE065387C}.Debug|Any CPU.ActiveCfg = Debug|Any CPU
		{F2D9A3F4-2B44-4E23-A188-491BE065387C}.Debug|Any CPU.Build.0 = Debug|Any CPU
		{F2D9A3F4-2B44-4E23-A188-491BE065387C}.Release|Any CPU.ActiveCfg = Release|Any CPU
		{F2D9A3F4-2B44-4E23-A188-491BE065387C}.Release|Any CPU.Build.0 = Release|Any CPU
	EndGlobalSection
	GlobalSection(SolutionProperties) = preSolution
		HideSolutionNode = FALSE
	EndGlobalSection
	GlobalSection(ExtensibilityGlobals) = postSolution
		SolutionGuid = {D5FA4089-E2A9-4D9B-A7AE-4E3F9C29F8F4}
	EndGlobalSection
EndGlobal
